
Microsoft Visual Studio Solution File, Format Version 12.00
# Visual Studio 15
VisualStudioVersion = 15.0.26430.15
MinimumVisualStudioVersion = 10.0.40219.1
Project("{888888A0-9F3D-457C-B088-3A5042F75D52}") = "BeautifulSoupTEST", "BeautifulSoupTEST\BeautifulSoupTEST.pyproj", "{9CA3A232-D70A-4D3E-84C5-CA077FAE7D17}"
EndProject
Project("{888888A0-9F3D-457C-B088-3A5042F75D52}") = "OpenpyxlTEST", "OpenpyxlTEST\OpenpyxlTEST.pyproj", "{D58E0866-846E-433C-96FF-338361329959}"
EndProject
Project("{888888A0-9F3D-457C-B088-3A5042F75D52}") = "GetOptTEST", "GetOptTEST\GetOptTEST.pyproj", "{9EA26573-BB34-4F4F-8B6D-FCCC8EA21208}"
EndProject
Project("{888888A0-9F3D-457C-B088-3A5042F75D52}") = "ListComprehensionTEST", "ListComprehensionTEST\ListComprehensionTEST.pyproj", "{C1D1D2CF-EABB-4A93-81F8-969B85A995F7}"
EndProject
Project("{888888A0-9F3D-457C-B088-3A5042F75D52}") = "CollectionFunctions", "CollectionFunctions\CollectionFunctions.pyproj", "{29441697-06B3-43AD-AD16-67486AD36225}"
EndProject
Project("{888888A0-9F3D-457C-B088-3A5042F75D52}") = "DecoratorTest", "DecoratorTest\DecoratorTest.pyproj", "{D8AECBBC-B271-4554-BC4D-D0C813C36A55}"
EndProject
Project("{2150E333-8FDC-42A3-9474-1A3956D46DE8}") = "Solution Items", "Solution Items", "{B59B8268-B7FB-4ED1-AC98-5B4AE5E0E302}"
EndProject
Project("{888888A0-9F3D-457C-B088-3A5042F75D52}") = "pdfTEST", "pdfTEST\pdfTEST.pyproj", "{DF600C22-5F1D-4F3B-9FAB-3A7FCA2CCDBA}"
EndProject
Project("{888888A0-9F3D-457C-B088-3A5042F75D52}") = "JSON", "JSON\JSON.pyproj", "{68CD355C-15E5-42DD-82C2-0883926EE5E8}"
EndProject
Project("{888888A0-9F3D-457C-B088-3A5042F75D52}") = "ClassTest", "ClassTest\ClassTest.pyproj", "{E475EB35-673B-4867-B423-0473C894D759}"
EndProject
Project("{888888A0-9F3D-457C-B088-3A5042F75D52}") = "pyinstaller_configTEST", "pyinstaller_configTEST\pyinstaller_configTEST.pyproj", "{A4DEC2D6-F493-4C3F-A5DB-7E850ACD452D}"
EndProject
Project("{888888A0-9F3D-457C-B088-3A5042F75D52}") = "PandasTEST", "PandasTEST\PandasTEST.pyproj", "{0C6FEC39-4A2B-4D86-B538-B99E3C73C480}"
EndProject
Global
	GlobalSection(SolutionConfigurationPlatforms) = preSolution
		Debug|Any CPU = Debug|Any CPU
		Release|Any CPU = Release|Any CPU
	EndGlobalSection
	GlobalSection(ProjectConfigurationPlatforms) = postSolution
		{9CA3A232-D70A-4D3E-84C5-CA077FAE7D17}.Debug|Any CPU.ActiveCfg = Debug|Any CPU
		{9CA3A232-D70A-4D3E-84C5-CA077FAE7D17}.Release|Any CPU.ActiveCfg = Release|Any CPU
		{D58E0866-846E-433C-96FF-338361329959}.Debug|Any CPU.ActiveCfg = Debug|Any CPU
		{D58E0866-846E-433C-96FF-338361329959}.Release|Any CPU.ActiveCfg = Release|Any CPU
		{9EA26573-BB34-4F4F-8B6D-FCCC8EA21208}.Debug|Any CPU.ActiveCfg = Debug|Any CPU
		{9EA26573-BB34-4F4F-8B6D-FCCC8EA21208}.Release|Any CPU.ActiveCfg = Release|Any CPU
		{C1D1D2CF-EABB-4A93-81F8-969B85A995F7}.Debug|Any CPU.ActiveCfg = Debug|Any CPU
		{C1D1D2CF-EABB-4A93-81F8-969B85A995F7}.Release|Any CPU.ActiveCfg = Release|Any CPU
		{29441697-06B3-43AD-AD16-67486AD36225}.Debug|Any CPU.ActiveCfg = Debug|Any CPU
		{29441697-06B3-43AD-AD16-67486AD36225}.Release|Any CPU.ActiveCfg = Release|Any CPU
		{D8AECBBC-B271-4554-BC4D-D0C813C36A55}.Debug|Any CPU.ActiveCfg = Debug|Any CPU
		{D8AECBBC-B271-4554-BC4D-D0C813C36A55}.Release|Any CPU.ActiveCfg = Release|Any CPU
		{DF600C22-5F1D-4F3B-9FAB-3A7FCA2CCDBA}.Debug|Any CPU.ActiveCfg = Debug|Any CPU
		{DF600C22-5F1D-4F3B-9FAB-3A7FCA2CCDBA}.Release|Any CPU.ActiveCfg = Release|Any CPU
		{68CD355C-15E5-42DD-82C2-0883926EE5E8}.Debug|Any CPU.ActiveCfg = Debug|Any CPU
		{68CD355C-15E5-42DD-82C2-0883926EE5E8}.Release|Any CPU.ActiveCfg = Release|Any CPU
		{E475EB35-673B-4867-B423-0473C894D759}.Debug|Any CPU.ActiveCfg = Debug|Any CPU
		{E475EB35-673B-4867-B423-0473C894D759}.Release|Any CPU.ActiveCfg = Release|Any CPU
		{A4DEC2D6-F493-4C3F-A5DB-7E850ACD452D}.Debug|Any CPU.ActiveCfg = Debug|Any CPU
		{A4DEC2D6-F493-4C3F-A5DB-7E850ACD452D}.Release|Any CPU.ActiveCfg = Release|Any CPU
		{0C6FEC39-4A2B-4D86-B538-B99E3C73C480}.Debug|Any CPU.ActiveCfg = Debug|Any CPU
		{0C6FEC39-4A2B-4D86-B538-B99E3C73C480}.Release|Any CPU.ActiveCfg = Release|Any CPU
	EndGlobalSection
	GlobalSection(SolutionProperties) = preSolution
		HideSolutionNode = FALSE
	EndGlobalSection
	GlobalSection(ExtensibilityGlobals) = postSolution
		SolutionGuid = {11296C9E-B4B9-4F81-9686-FBCE59B923B2}
	EndGlobalSection
EndGlobal
